// !$*UTF8*$!
{
	archiveVersion = 1;
	classes = {
	};
	objectVersion = 50;
	objects = {

/* Begin PBXBuildFile section */
		6CECB0932208E62800BED652 /* AppDelegate.swift in Sources */ = {isa = PBXBuildFile; fileRef = 6CECB0922208E62800BED652 /* AppDelegate.swift */; };
		6CECB0952208E62800BED652 /* ViewController.swift in Sources */ = {isa = PBXBuildFile; fileRef = 6CECB0942208E62800BED652 /* ViewController.swift */; };
		6CECB0982208E62800BED652 /* Main.storyboard in Resources */ = {isa = PBXBuildFile; fileRef = 6CECB0962208E62800BED652 /* Main.storyboard */; };
		6CECB09A2208E62B00BED652 /* Assets.xcassets in Resources */ = {isa = PBXBuildFile; fileRef = 6CECB0992208E62B00BED652 /* Assets.xcassets */; };
		6CECB09D2208E62B00BED652 /* LaunchScreen.storyboard in Resources */ = {isa = PBXBuildFile; fileRef = 6CECB09B2208E62B00BED652 /* LaunchScreen.storyboard */; };
		6CECB0A82208E62B00BED652 /* ARGameTests.swift in Sources */ = {isa = PBXBuildFile; fileRef = 6CECB0A72208E62B00BED652 /* ARGameTests.swift */; };
		6CECB0B32208E62B00BED652 /* ARGameUITests.swift in Sources */ = {isa = PBXBuildFile; fileRef = 6CECB0B22208E62B00BED652 /* ARGameUITests.swift */; };
/* End PBXBuildFile section */

/* Begin PBXContainerItemProxy section */
		6CECB0A42208E62B00BED652 /* PBXContainerItemProxy */ = {
			isa = PBXContainerItemProxy;
			containerPortal = 6CECB0872208E62800BED652 /* Project object */;
			proxyType = 1;
			remoteGlobalIDString = 6CECB08E2208E62800BED652;
			remoteInfo = ARGame;
		};
		6CECB0AF2208E62B00BED652 /* PBXContainerItemProxy */ = {
			isa = PBXContainerItemProxy;
			containerPortal = 6CECB0872208E62800BED652 /* Project object */;
			proxyType = 1;
			remoteGlobalIDString = 6CECB08E2208E62800BED652;
			remoteInfo = ARGame;
		};
/* End PBXContainerItemProxy section */

/* Begin PBXFileReference section */
		6CECB08F2208E62800BED652 /* ARGame.app */ = {isa = PBXFileReference; explicitFileType = wrapper.application; includeInIndex = 0; path = ARGame.app; sourceTree = BUILT_PRODUCTS_DIR; };
		6CECB0922208E62800BED652 /* AppDelegate.swift */ = {isa = PBXFileReference; lastKnownFileType = sourcecode.swift; path = AppDelegate.swift; sourceTree = "<group>"; };
		6CECB0942208E62800BED652 /* ViewController.swift */ = {isa = PBXFileReference; lastKnownFileType = sourcecode.swift; path = ViewController.swift; sourceTree = "<group>"; };
		6CECB0972208E62800BED652 /* Base */ = {isa = PBXFileReference; lastKnownFileType = file.storyboard; name = Base; path = Base.lproj/Main.storyboard; sourceTree = "<group>"; };
		6CECB0992208E62B00BED652 /* Assets.xcassets */ = {isa = PBXFileReference; lastKnownFileType = folder.assetcatalog; path = Assets.xcassets; sourceTree = "<group>"; };
		6CECB09C2208E62B00BED652 /* Base */ = {isa = PBXFileReference; lastKnownFileType = file.storyboard; name = Base; path = Base.lproj/LaunchScreen.storyboard; sourceTree = "<group>"; };
		6CECB09E2208E62B00BED652 /* Info.plist */ = {isa = PBXFileReference; lastKnownFileType = text.plist.xml; path = Info.plist; sourceTree = "<group>"; };
		6CECB0A32208E62B00BED652 /* ARGameTests.xctest */ = {isa = PBXFileReference; explicitFileType = wrapper.cfbundle; includeInIndex = 0; path = ARGameTests.xctest; sourceTree = BUILT_PRODUCTS_DIR; };
		6CECB0A72208E62B00BED652 /* ARGameTests.swift */ = {isa = PBXFileReference; lastKnownFileType = sourcecode.swift; path = ARGameTests.swift; sourceTree = "<group>"; };
		6CECB0A92208E62B00BED652 /* Info.plist */ = {isa = PBXFileReference; lastKnownFileType = text.plist.xml; path = Info.plist; sourceTree = "<group>"; };
		6CECB0AE2208E62B00BED652 /* ARGameUITests.xctest */ = {isa = PBXFileReference; explicitFileType = wrapper.cfbundle; includeInIndex = 0; path = ARGameUITests.xctest; sourceTree = BUILT_PRODUCTS_DIR; };
		6CECB0B22208E62B00BED652 /* ARGameUITests.swift */ = {isa = PBXFileReference; lastKnownFileType = sourcecode.swift; path = ARGameUITests.swift; sourceTree = "<group>"; };
		6CECB0B42208E62B00BED652 /* Info.plist */ = {isa = PBXFileReference; lastKnownFileType = text.plist.xml; path = Info.plist; sourceTree = "<group>"; };
/* End PBXFileReference section */

/* Begin PBXFrameworksBuildPhase section */
		6CECB08C2208E62800BED652 /* Frameworks */ = {
			isa = PBXFrameworksBuildPhase;
			buildActionMask = 2147483647;
			files = (
			);
			runOnlyForDeploymentPostprocessing = 0;
		};
		6CECB0A02208E62B00BED652 /* Frameworks */ = {
			isa = PBXFrameworksBuildPhase;
			buildActionMask = 2147483647;
			files = (
			);
			runOnlyForDeploymentPostprocessing = 0;
		};
		6CECB0AB2208E62B00BED652 /* Frameworks */ = {
			isa = PBXFrameworksBuildPhase;
			buildActionMask = 2147483647;
			files = (
			);
			runOnlyForDeploymentPostprocessing = 0;
		};
/* End PBXFrameworksBuildPhase section */

/* Begin PBXGroup section */
		6CECB0862208E62800BED652 = {
			isa = PBXGroup;
			children = (
				6CECB0912208E62800BED652 /* ARGame */,
				6CECB0A62208E62B00BED652 /* ARGameTests */,
				6CECB0B12208E62B00BED652 /* ARGameUITests */,
				6CECB0902208E62800BED652 /* Products */,
			);
			sourceTree = "<group>";
		};
		6CECB0902208E62800BED652 /* Products */ = {
			isa = PBXGroup;
			children = (
				6CECB08F2208E62800BED652 /* ARGame.app */,
				6CECB0A32208E62B00BED652 /* ARGameTests.xctest */,
				6CECB0AE2208E62B00BED652 /* ARGameUITests.xctest */,
			);
			name = Products;
			sourceTree = "<group>";
		};
		6CECB0912208E62800BED652 /* ARGame */ = {
			isa = PBXGroup;
			children = (
				6CECB0922208E62800BED652 /* AppDelegate.swift */,
				6CECB0942208E62800BED652 /* ViewController.swift */,
				6CECB0962208E62800BED652 /* Main.storyboard */,
				6CECB0992208E62B00BED652 /* Assets.xcassets */,
				6CECB09B2208E62B00BED652 /* LaunchScreen.storyboard */,
				6CECB09E2208E62B00BED652 /* Info.plist */,
			);
			path = ARGame;
			sourceTree = "<group>";
		};
		6CECB0A62208E62B00BED652 /* ARGameTests */ = {
			isa = PBXGroup;
			children = (
				6CECB0A72208E62B00BED652 /* ARGameTests.swift */,
				6CECB0A92208E62B00BED652 /* Info.plist */,
			);
			path = ARGameTests;
			sourceTree = "<group>";
		};
		6CECB0B12208E62B00BED652 /* ARGameUITests */ = {
			isa = PBXGroup;
			children = (
				6CECB0B22208E62B00BED652 /* ARGameUITests.swift */,
				6CECB0B42208E62B00BED652 /* Info.plist */,
			);
			path = ARGameUITests;
			sourceTree = "<group>";
		};
/* End PBXGroup section */

/* Begin PBXNativeTarget section */
		6CECB08E2208E62800BED652 /* ARGame */ = {
			isa = PBXNativeTarget;
			buildConfigurationList = 6CECB0B72208E62B00BED652 /* Build configuration list for PBXNativeTarget "ARGame" */;
			buildPhases = (
				6CECB08B2208E62800BED652 /* Sources */,
				6CECB08C2208E62800BED652 /* Frameworks */,
				6CECB08D2208E62800BED652 /* Resources */,
			);
			buildRules = (
			);
			dependencies = (
			);
			name = ARGame;
			productName = ARGame;
			productReference = 6CECB08F2208E62800BED652 /* ARGame.app */;
			productType = "com.apple.product-type.application";
		};
		6CECB0A22208E62B00BED652 /* ARGameTests */ = {
			isa = PBXNativeTarget;
			buildConfigurationList = 6CECB0BA2208E62B00BED652 /* Build configuration list for PBXNativeTarget "ARGameTests" */;
			buildPhases = (
				6CECB09F2208E62B00BED652 /* Sources */,
				6CECB0A02208E62B00BED652 /* Frameworks */,
				6CECB0A12208E62B00BED652 /* Resources */,
			);
			buildRules = (
			);
			dependencies = (
				6CECB0A52208E62B00BED652 /* PBXTargetDependency */,
			);
			name = ARGameTests;
			productName = ARGameTests;
			productReference = 6CECB0A32208E62B00BED652 /* ARGameTests.xctest */;
			productType = "com.apple.product-type.bundle.unit-test";
		};
		6CECB0AD2208E62B00BED652 /* ARGameUITests */ = {
			isa = PBXNativeTarget;
			buildConfigurationList = 6CECB0BD2208E62B00BED652 /* Build configuration list for PBXNativeTarget "ARGameUITests" */;
			buildPhases = (
				6CECB0AA2208E62B00BED652 /* Sources */,
				6CECB0AB2208E62B00BED652 /* Frameworks */,
				6CECB0AC2208E62B00BED652 /* Resources */,
			);
			buildRules = (
			);
			dependencies = (
				6CECB0B02208E62B00BED652 /* PBXTargetDependency */,
			);
			name = ARGameUITests;
			productName = ARGameUITests;
			productReference = 6CECB0AE2208E62B00BED652 /* ARGameUITests.xctest */;
			productType = "com.apple.product-type.bundle.ui-testing";
		};
/* End PBXNativeTarget section */

/* Begin PBXProject section */
		6CECB0872208E62800BED652 /* Project object */ = {
			isa = PBXProject;
			attributes = {
				LastSwiftUpdateCheck = 1010;
				LastUpgradeCheck = 1010;
				ORGANIZATIONNAME = "Huy Huynh";
				TargetAttributes = {
					6CECB08E2208E62800BED652 = {
						CreatedOnToolsVersion = 10.1;
					};
					6CECB0A22208E62B00BED652 = {
						CreatedOnToolsVersion = 10.1;
						TestTargetID = 6CECB08E2208E62800BED652;
					};
					6CECB0AD2208E62B00BED652 = {
						CreatedOnToolsVersion = 10.1;
						TestTargetID = 6CECB08E2208E62800BED652;
					};
				};
			};
			buildConfigurationList = 6CECB08A2208E62800BED652 /* Build configuration list for PBXProject "ARGame" */;
			compatibilityVersion = "Xcode 9.3";
			developmentRegion = en;
			hasScannedForEncodings = 0;
			knownRegions = (
				en,
				Base,
			);
			mainGroup = 6CECB0862208E62800BED652;
			productRefGroup = 6CECB0902208E62800BED652 /* Products */;
			projectDirPath = "";
			projectRoot = "";
			targets = (
				6CECB08E2208E62800BED652 /* ARGame */,
				6CECB0A22208E62B00BED652 /* ARGameTests */,
				6CECB0AD2208E62B00BED652 /* ARGameUITests */,
			);
		};
/* End PBXProject section */

/* Begin PBXResourcesBuildPhase section */
		6CECB08D2208E62800BED652 /* Resources */ = {
			isa = PBXResourcesBuildPhase;
			buildActionMask = 2147483647;
			files = (
				6CECB09D2208E62B00BED652 /* LaunchScreen.storyboard in Resources */,
				6CECB09A2208E62B00BED652 /* Assets.xcassets in Resources */,
				6CECB0982208E62800BED652 /* Main.storyboard in Resources */,
			);
			runOnlyForDeploymentPostprocessing = 0;
		};
		6CECB0A12208E62B00BED652 /* Resources */ = {
			isa = PBXResourcesBuildPhase;
			buildActionMask = 2147483647;
			files = (
			);
			runOnlyForDeploymentPostprocessing = 0;
		};
		6CECB0AC2208E62B00BED652 /* Resources */ = {
			isa = PBXResourcesBuildPhase;
			buildActionMask = 2147483647;
			files = (
			);
			runOnlyForDeploymentPostprocessing = 0;
		};
/* End PBXResourcesBuildPhase section */

/* Begin PBXSourcesBuildPhase section */
		6CECB08B2208E62800BED652 /* Sources */ = {
			isa = PBXSourcesBuildPhase;
			buildActionMask = 2147483647;
			files = (
				6CECB0952208E62800BED652 /* ViewController.swift in Sources */,
				6CECB0932208E62800BED652 /* AppDelegate.swift in Sources */,
			);
			runOnlyForDeploymentPostprocessing = 0;
		};
		6CECB09F2208E62B00BED652 /* Sources */ = {
			isa = PBXSourcesBuildPhase;
			buildActionMask = 2147483647;
			files = (
				6CECB0A82208E62B00BED652 /* ARGameTests.swift in Sources */,
			);
			runOnlyForDeploymentPostprocessing = 0;
		};
		6CECB0AA2208E62B00BED652 /* Sources */ = {
			isa = PBXSourcesBuildPhase;
			buildActionMask = 2147483647;
			files = (
				6CECB0B32208E62B00BED652 /* ARGameUITests.swift in Sources */,
			);
			runOnlyForDeploymentPostprocessing = 0;
		};
/* End PBXSourcesBuildPhase section */

/* Begin PBXTargetDependency section */
		6CECB0A52208E62B00BED652 /* PBXTargetDependency */ = {
			isa = PBXTargetDependency;
			target = 6CECB08E2208E62800BED652 /* ARGame */;
			targetProxy = 6CECB0A42208E62B00BED652 /* PBXContainerItemProxy */;
		};
		6CECB0B02208E62B00BED652 /* PBXTargetDependency */ = {
			isa = PBXTargetDependency;
			target = 6CECB08E2208E62800BED652 /* ARGame */;
			targetProxy = 6CECB0AF2208E62B00BED652 /* PBXContainerItemProxy */;
		};
/* End PBXTargetDependency section */

/* Begin PBXVariantGroup section */
		6CECB0962208E62800BED652 /* Main.storyboard */ = {
			isa = PBXVariantGroup;
			children = (
				6CECB0972208E62800BED652 /* Base */,
			);
			name = Main.storyboard;
			sourceTree = "<group>";
		};
		6CECB09B2208E62B00BED652 /* LaunchScreen.storyboard */ = {
			isa = PBXVariantGroup;
			children = (
				6CECB09C2208E62B00BED652 /* Base */,
			);
			name = LaunchScreen.storyboard;
			sourceTree = "<group>";
		};
/* End PBXVariantGroup section */

/* Begin XCBuildConfiguration section */
		6CECB0B52208E62B00BED652 /* Debug */ = {
			isa = XCBuildConfiguration;
			buildSettings = {
				ALWAYS_SEARCH_USER_PATHS = NO;
				CLANG_ANALYZER_NONNULL = YES;
				CLANG_ANALYZER_NUMBER_OBJECT_CONVERSION = YES_AGGRESSIVE;
				CLANG_CXX_LANGUAGE_STANDARD = "gnu++14";
				CLANG_CXX_LIBRARY = "libc++";
				CLANG_ENABLE_MODULES = YES;
				CLANG_ENABLE_OBJC_ARC = YES;
				CLANG_ENABLE_OBJC_WEAK = YES;
				CLANG_WARN_BLOCK_CAPTURE_AUTORELEASING = YES;
				CLANG_WARN_BOOL_CONVERSION = YES;
				CLANG_WARN_COMMA = YES;
				CLANG_WARN_CONSTANT_CONVERSION = YES;
				CLANG_WARN_DEPRECATED_OBJC_IMPLEMENTATIONS = YES;
				CLANG_WARN_DIRECT_OBJC_ISA_USAGE = YES_ERROR;
				CLANG_WARN_DOCUMENTATION_COMMENTS = YES;
				CLANG_WARN_EMPTY_BODY = YES;
				CLANG_WARN_ENUM_CONVERSION = YES;
				CLANG_WARN_INFINITE_RECURSION = YES;
				CLANG_WARN_INT_CONVERSION = YES;
				CLANG_WARN_NON_LITERAL_NULL_CONVERSION = YES;
				CLANG_WARN_OBJC_IMPLICIT_RETAIN_SELF = YES;
				CLANG_WARN_OBJC_LITERAL_CONVERSION = YES;
				CLANG_WARN_OBJC_ROOT_CLASS = YES_ERROR;
				CLANG_WARN_RANGE_LOOP_ANALYSIS = YES;
				CLANG_WARN_STRICT_PROTOTYPES = YES;
				CLANG_WARN_SUSPICIOUS_MOVE = YES;
				CLANG_WARN_UNGUARDED_AVAILABILITY = YES_AGGRESSIVE;
				CLANG_WARN_UNREACHABLE_CODE = YES;
				CLANG_WARN__DUPLICATE_METHOD_MATCH = YES;
				CODE_SIGN_IDENTITY = "iPhone Developer";
				COPY_PHASE_STRIP = NO;
				DEBUG_INFORMATION_FORMAT = dwarf;
				ENABLE_STRICT_OBJC_MSGSEND = YES;
				ENABLE_TESTABILITY = YES;
				GCC_C_LANGUAGE_STANDARD = gnu11;
				GCC_DYNAMIC_NO_PIC = NO;
				GCC_NO_COMMON_BLOCKS = YES;
				GCC_OPTIMIZATION_LEVEL = 0;
				GCC_PREPROCESSOR_DEFINITIONS = (
					"DEBUG=1",
					"$(inherited)",
				);
				GCC_WARN_64_TO_32_BIT_CONVERSION = YES;
				GCC_WARN_ABOUT_RETURN_TYPE = YES_ERROR;
				GCC_WARN_UNDECLARED_SELECTOR = YES;
				GCC_WARN_UNINITIALIZED_AUTOS = YES_AGGRESSIVE;
				GCC_WARN_UNUSED_FUNCTION = YES;
				GCC_WARN_UNUSED_VARIABLE = YES;
				IPHONEOS_DEPLOYMENT_TARGET = 12.1;
				MTL_ENABLE_DEBUG_INFO = INCLUDE_SOURCE;
				MTL_FAST_MATH = YES;
				ONLY_ACTIVE_ARCH = YES;
				SDKROOT = iphoneos;
				SWIFT_ACTIVE_COMPILATION_CONDITIONS = DEBUG;
				SWIFT_OPTIMIZATION_LEVEL = "-Onone";
			};
			name = Debug;
		};
		6CECB0B62208E62B00BED652 /* Release */ = {
			isa = XCBuildConfiguration;
			buildSettings = {
				ALWAYS_SEARCH_USER_PATHS = NO;
				CLANG_ANALYZER_NONNULL = YES;
				CLANG_ANALYZER_NUMBER_OBJECT_CONVERSION = YES_AGGRESSIVE;
				CLANG_CXX_LANGUAGE_STANDARD = "gnu++14";
				CLANG_CXX_LIBRARY = "libc++";
				CLANG_ENABLE_MODULES = YES;
				CLANG_ENABLE_OBJC_ARC = YES;
				CLANG_ENABLE_OBJC_WEAK = YES;
				CLANG_WARN_BLOCK_CAPTURE_AUTORELEASING = YES;
				CLANG_WARN_BOOL_CONVERSION = YES;
				CLANG_WARN_COMMA = YES;
				CLANG_WARN_CONSTANT_CONVERSION = YES;
				CLANG_WARN_DEPRECATED_OBJC_IMPLEMENTATIONS = YES;
				CLANG_WARN_DIRECT_OBJC_ISA_USAGE = YES_ERROR;
				CLANG_WARN_DOCUMENTATION_COMMENTS = YES;
				CLANG_WARN_EMPTY_BODY = YES;
				CLANG_WARN_ENUM_CONVERSION = YES;
				CLANG_WARN_INFINITE_RECURSION = YES;
				CLANG_WARN_INT_CONVERSION = YES;
				CLANG_WARN_NON_LITERAL_NULL_CONVERSION = YES;
				CLANG_WARN_OBJC_IMPLICIT_RETAIN_SELF = YES;
				CLANG_WARN_OBJC_LITERAL_CONVERSION = YES;
				CLANG_WARN_OBJC_ROOT_CLASS = YES_ERROR;
				CLANG_WARN_RANGE_LOOP_ANALYSIS = YES;
				CLANG_WARN_STRICT_PROTOTYPES = YES;
				CLANG_WARN_SUSPICIOUS_MOVE = YES;
				CLANG_WARN_UNGUARDED_AVAILABILITY = YES_AGGRESSIVE;
				CLANG_WARN_UNREACHABLE_CODE = YES;
				CLANG_WARN__DUPLICATE_METHOD_MATCH = YES;
				CODE_SIGN_IDENTITY = "iPhone Developer";
				COPY_PHASE_STRIP = NO;
				DEBUG_INFORMATION_FORMAT = "dwarf-with-dsym";
				ENABLE_NS_ASSERTIONS = NO;
				ENABLE_STRICT_OBJC_MSGSEND = YES;
				GCC_C_LANGUAGE_STANDARD = gnu11;
				GCC_NO_COMMON_BLOCKS = YES;
				GCC_WARN_64_TO_32_BIT_CONVERSION = YES;
				GCC_WARN_ABOUT_RETURN_TYPE = YES_ERROR;
				GCC_WARN_UNDECLARED_SELECTOR = YES;
				GCC_WARN_UNINITIALIZED_AUTOS = YES_AGGRESSIVE;
				GCC_WARN_UNUSED_FUNCTION = YES;
				GCC_WARN_UNUSED_VARIABLE = YES;
				IPHONEOS_DEPLOYMENT_TARGET = 12.1;
				MTL_ENABLE_DEBUG_INFO = NO;
				MTL_FAST_MATH = YES;
				SDKROOT = iphoneos;
				SWIFT_COMPILATION_MODE = wholemodule;
				SWIFT_OPTIMIZATION_LEVEL = "-O";
				VALIDATE_PRODUCT = YES;
			};
			name = Release;
		};
		6CECB0B82208E62B00BED652 /* Debug */ = {
			isa = XCBuildConfiguration;
			buildSettings = {
				ASSETCATALOG_COMPILER_APPICON_NAME = AppIcon;
				CODE_SIGN_STYLE = Automatic;
				INFOPLIST_FILE = ARGame/Info.plist;
				LD_RUNPATH_SEARCH_PATHS = (
					"$(inherited)",
					"@executable_path/Frameworks",
				);
				PRODUCT_BUNDLE_IDENTIFIER = Huy.ARGame;
				PRODUCT_NAME = "$(TARGET_NAME)";
				SWIFT_VERSION = 4.2;
				TARGETED_DEVICE_FAMILY = "1,2";
			};
			name = Debug;
		};
		6CECB0B92208E62B00BED652 /* Release */ = {
			isa = XCBuildConfiguration;
			buildSettings = {
				ASSETCATALOG_COMPILER_APPICON_NAME = AppIcon;
				CODE_SIGN_STYLE = Automatic;
				INFOPLIST_FILE = ARGame/Info.plist;
				LD_RUNPATH_SEARCH_PATHS = (
					"$(inherited)",
					"@executable_path/Frameworks",
				);
				PRODUCT_BUNDLE_IDENTIFIER = Huy.ARGame;
				PRODUCT_NAME = "$(TARGET_NAME)";
				SWIFT_VERSION = 4.2;
				TARGETED_DEVICE_FAMILY = "1,2";
			};
			name = Release;
		};
		6CECB0BB2208E62B00BED652 /* Debug */ = {
			isa = XCBuildConfiguration;
			buildSettings = {
				ALWAYS_EMBED_SWIFT_STANDARD_LIBRARIES = YES;
				BUNDLE_LOADER = "$(TEST_HOST)";
				CODE_SIGN_STYLE = Automatic;
				INFOPLIST_FILE = ARGameTests/Info.plist;
				LD_RUNPATH_SEARCH_PATHS = (
					"$(inherited)",
					"@executable_path/Frameworks",
					"@loader_path/Frameworks",
				);
				PRODUCT_BUNDLE_IDENTIFIER = Huy.ARGameTests;
				PRODUCT_NAME = "$(TARGET_NAME)";
				SWIFT_VERSION = 4.2;
				TARGETED_DEVICE_FAMILY = "1,2";
				TEST_HOST = "$(BUILT_PRODUCTS_DIR)/ARGame.app/ARGame";
			};
			name = Debug;
		};
		6CECB0BC2208E62B00BED652 /* Release */ = {
			isa = XCBuildConfiguration;
			buildSettings = {
				ALWAYS_EMBED_SWIFT_STANDARD_LIBRARIES = YES;
				BUNDLE_LOADER = "$(TEST_HOST)";
				CODE_SIGN_STYLE = Automatic;
				INFOPLIST_FILE = ARGameTests/Info.plist;
				LD_RUNPATH_SEARCH_PATHS = (
					"$(inherited)",
					"@executable_path/Frameworks",
					"@loader_path/Frameworks",
				);
				PRODUCT_BUNDLE_IDENTIFIER = Huy.ARGameTests;
				PRODUCT_NAME = "$(TARGET_NAME)";
				SWIFT_VERSION = 4.2;
				TARGETED_DEVICE_FAMILY = "1,2";
				TEST_HOST = "$(BUILT_PRODUCTS_DIR)/ARGame.app/ARGame";
			};
			name = Release;
		};
		6CECB0BE2208E62B00BED652 /* Debug */ = {
			isa = XCBuildConfiguration;
			buildSettings = {
				ALWAYS_EMBED_SWIFT_STANDARD_LIBRARIES = YES;
				CODE_SIGN_STYLE = Automatic;
				INFOPLIST_FILE = ARGameUITests/Info.plist;
				LD_RUNPATH_SEARCH_PATHS = (
					"$(inherited)",
					"@executable_path/Frameworks",
					"@loader_path/Frameworks",
				);
				PRODUCT_BUNDLE_IDENTIFIER = Huy.ARGameUITests;
				PRODUCT_NAME = "$(TARGET_NAME)";
				SWIFT_VERSION = 4.2;
				TARGETED_DEVICE_FAMILY = "1,2";
				TEST_TARGET_NAME = ARGame;
			};
			name = Debug;
		};
		6CECB0BF2208E62B00BED652 /* Release */ = {
			isa = XCBuildConfiguration;
			buildSettings = {
				ALWAYS_EMBED_SWIFT_STANDARD_LIBRARIES = YES;
				CODE_SIGN_STYLE = Automatic;
				INFOPLIST_FILE = ARGameUITests/Info.plist;
				LD_RUNPATH_SEARCH_PATHS = (
					"$(inherited)",
					"@executable_path/Frameworks",
					"@loader_path/Frameworks",
				);
				PRODUCT_BUNDLE_IDENTIFIER = Huy.ARGameUITests;
				PRODUCT_NAME = "$(TARGET_NAME)";
				SWIFT_VERSION = 4.2;
				TARGETED_DEVICE_FAMILY = "1,2";
				TEST_TARGET_NAME = ARGame;
			};
			name = Release;
		};
/* End XCBuildConfiguration section */

/* Begin XCConfigurationList section */
		6CECB08A2208E62800BED652 /* Build configuration list for PBXProject "ARGame" */ = {
			isa = XCConfigurationList;
			buildConfigurations = (
				6CECB0B52208E62B00BED652 /* Debug */,
				6CECB0B62208E62B00BED652 /* Release */,
			);
			defaultConfigurationIsVisible = 0;
			defaultConfigurationName = Release;
		};
		6CECB0B72208E62B00BED652 /* Build configuration list for PBXNativeTarget "ARGame" */ = {
			isa = XCConfigurationList;
			buildConfigurations = (
				6CECB0B82208E62B00BED652 /* Debug */,
				6CECB0B92208E62B00BED652 /* Release */,
			);
			defaultConfigurationIsVisible = 0;
			defaultConfigurationName = Release;
		};
		6CECB0BA2208E62B00BED652 /* Build configuration list for PBXNativeTarget "ARGameTests" */ = {
			isa = XCConfigurationList;
			buildConfigurations = (
				6CECB0BB2208E62B00BED652 /* Debug */,
				6CECB0BC2208E62B00BED652 /* Release */,
			);
			defaultConfigurationIsVisible = 0;
			defaultConfigurationName = Release;
		};
		6CECB0BD2208E62B00BED652 /* Build configuration list for PBXNativeTarget "ARGameUITests" */ = {
			isa = XCConfigurationList;
			buildConfigurations = (
				6CECB0BE2208E62B00BED652 /* Debug */,
				6CECB0BF2208E62B00BED652 /* Release */,
			);
			defaultConfigurationIsVisible = 0;
			defaultConfigurationName = Release;
		};
/* End XCConfigurationList section */
	};
	rootObject = 6CECB0872208E62800BED652 /* Project object */;
}
